
Microsoft Visual Studio Solution File, Format Version 12.00
# Visual Studio Version 16
VisualStudioVersion = 16.0.29503.13
MinimumVisualStudioVersion = 10.0.40219.1
Project("{FAE04EC0-301F-11D3-BF4B-00C04F79EFBC}") = "format", "format\format.csproj", "{2EB7F4CC-B7BD-4390-9069-02C7B15F6BFF}"
EndProject
Global
	GlobalSection(SolutionConfigurationPlatforms) = preSolution
		Debug|Any CPU = Debug|Any CPU
		Release|Any CPU = Release|Any CPU
	EndGlobalSection
	GlobalSection(ProjectConfigurationPlatforms) = postSolution
		{2EB7F4CC-B7BD-4390-9069-02C7B15F6BFF}.Debug|Any CPU.ActiveCfg = Debug|Any CPU
		{2EB7F4CC-B7BD-4390-9069-02C7B15F6BFF}.Debug|Any CPU.Build.0 = Debug|Any CPU
		{2EB7F4CC-B7BD-4390-9069-02C7B15F6BFF}.Release|Any CPU.ActiveCfg = Release|Any CPU
		{2EB7F4CC-B7BD-4390-9069-02C7B15F6BFF}.Release|Any CPU.Build.0 = Release|Any CPU
	EndGlobalSection
	GlobalSection(SolutionProperties) = preSolution
		HideSolutionNode = FALSE
	EndGlobalSection
	GlobalSection(ExtensibilityGlobals) = postSolution
		SolutionGuid = {F9FC5AFA-7F43-458A-93CE-E285D2984874}
	EndGlobalSection
EndGlobal
